// !$*UTF8*$!
{
	archiveVersion = 1;
	classes = {
	};
	objectVersion = 51;
	objects = {

/* Begin PBXBuildFile section */
		6640935722D7AD0500CAF20C /* MainLabelBuilder.swift in Sources */ = {isa = PBXBuildFile; fileRef = 6640935622D7AD0500CAF20C /* MainLabelBuilder.swift */; };
		6649A41622BC6DF800A38624 /* AppDelegate.swift in Sources */ = {isa = PBXBuildFile; fileRef = 6649A41522BC6DF800A38624 /* AppDelegate.swift */; };
		6649A41822BC6DF800A38624 /* LoginViewController.swift in Sources */ = {isa = PBXBuildFile; fileRef = 6649A41722BC6DF800A38624 /* LoginViewController.swift */; };
		6649A41D22BC6DFA00A38624 /* Assets.xcassets in Resources */ = {isa = PBXBuildFile; fileRef = 6649A41C22BC6DFA00A38624 /* Assets.xcassets */; };
		6649A42022BC6DFA00A38624 /* LaunchScreen.storyboard in Resources */ = {isa = PBXBuildFile; fileRef = 6649A41E22BC6DFA00A38624 /* LaunchScreen.storyboard */; };
		668025D0231326530023CD84 /* CurrencyRateRealm.swift in Sources */ = {isa = PBXBuildFile; fileRef = 668025CF231326530023CD84 /* CurrencyRateRealm.swift */; };
		668025D323145CE80023CD84 /* Storage.swift in Sources */ = {isa = PBXBuildFile; fileRef = 668025D223145CE80023CD84 /* Storage.swift */; };
		668025D623145FE10023CD84 /* StorageProtocol.swift in Sources */ = {isa = PBXBuildFile; fileRef = 668025D523145FE10023CD84 /* StorageProtocol.swift */; };
		668025D8231460330023CD84 /* StorageRealmBase.swift in Sources */ = {isa = PBXBuildFile; fileRef = 668025D7231460330023CD84 /* StorageRealmBase.swift */; };
		668025DA231460F20023CD84 /* ReadLoginStatus.swift in Sources */ = {isa = PBXBuildFile; fileRef = 668025D9231460F20023CD84 /* ReadLoginStatus.swift */; };
		668025DC231467840023CD84 /* WriteLoginInfo.swift in Sources */ = {isa = PBXBuildFile; fileRef = 668025DB231467840023CD84 /* WriteLoginInfo.swift */; };
		668025DF23146CEC0023CD84 /* RunTimeError.swift in Sources */ = {isa = PBXBuildFile; fileRef = 668025DE23146CEC0023CD84 /* RunTimeError.swift */; };
		668025E1231478430023CD84 /* WriteCurrencyRate.swift in Sources */ = {isa = PBXBuildFile; fileRef = 668025E0231478430023CD84 /* WriteCurrencyRate.swift */; };
		668025E4231482C50023CD84 /* CurrencyMap.swift in Sources */ = {isa = PBXBuildFile; fileRef = 668025E3231482C50023CD84 /* CurrencyMap.swift */; };
		668099FF23185CD200980E76 /* ReadCurrencyRate.swift in Sources */ = {isa = PBXBuildFile; fileRef = 668099FE23185CD200980E76 /* ReadCurrencyRate.swift */; };
		668650A222D513E200B60326 /* ReceiveCurrencyListBuilder.swift in Sources */ = {isa = PBXBuildFile; fileRef = 668650A122D513E200B60326 /* ReceiveCurrencyListBuilder.swift */; };
		668650A422D5147200B60326 /* SendAmountBoxBuilder.swift in Sources */ = {isa = PBXBuildFile; fileRef = 668650A322D5147200B60326 /* SendAmountBoxBuilder.swift */; };
		668650A622D53A4300B60326 /* SendCurrencyIconViewController.swift in Sources */ = {isa = PBXBuildFile; fileRef = 668650A522D53A4300B60326 /* SendCurrencyIconViewController.swift */; };
		668F576F22D1571C00FF3486 /* SegmentioBuilder.swift in Sources */ = {isa = PBXBuildFile; fileRef = 668F576E22D1571C00FF3486 /* SegmentioBuilder.swift */; };
		668F577222D15F5E00FF3486 /* SwapsyColor.swift in Sources */ = {isa = PBXBuildFile; fileRef = 668F577122D15F5E00FF3486 /* SwapsyColor.swift */; };
		668F577522D181ED00FF3486 /* SwapsyFontExtension.swift in Sources */ = {isa = PBXBuildFile; fileRef = 668F577422D181ED00FF3486 /* SwapsyFontExtension.swift */; };
		668F577822D1875800FF3486 /* Init.swift in Sources */ = {isa = PBXBuildFile; fileRef = 668F577722D1875800FF3486 /* Init.swift */; };
		668F577A22D1897700FF3486 /* InitModel.swift in Sources */ = {isa = PBXBuildFile; fileRef = 668F577922D1897700FF3486 /* InitModel.swift */; };
		668F577C22D189A200FF3486 /* ModelBase.swift in Sources */ = {isa = PBXBuildFile; fileRef = 668F577B22D189A200FF3486 /* ModelBase.swift */; };
		668F578122D1930E00FF3486 /* PlistModel.swift in Sources */ = {isa = PBXBuildFile; fileRef = 668F578022D1930E00FF3486 /* PlistModel.swift */; };
		668F578422D29FC900FF3486 /* InitComponent.swift in Sources */ = {isa = PBXBuildFile; fileRef = 668F578322D29FC900FF3486 /* InitComponent.swift */; };
		668F578622D2EA0800FF3486 /* SwapsyInit.plist in Resources */ = {isa = PBXBuildFile; fileRef = 668F578522D2EA0800FF3486 /* SwapsyInit.plist */; };
		668F578822D3EE3E00FF3486 /* SendCurrencyIconBuilder.swift in Sources */ = {isa = PBXBuildFile; fileRef = 668F578722D3EE3E00FF3486 /* SendCurrencyIconBuilder.swift */; };
		668F578A22D3F55500FF3486 /* SystemExtension.swift in Sources */ = {isa = PBXBuildFile; fileRef = 668F578922D3F55500FF3486 /* SystemExtension.swift */; };
		66C292E622D7DE340035F1DA /* BlockModel.swift in Sources */ = {isa = PBXBuildFile; fileRef = 66C292E522D7DE340035F1DA /* BlockModel.swift */; };
		66C292E922D7E05F0035F1DA /* TradeStatus.swift in Sources */ = {isa = PBXBuildFile; fileRef = 66C292E822D7E05F0035F1DA /* TradeStatus.swift */; };
		66C292EB22D7E7280035F1DA /* UserStatusRealm.swift in Sources */ = {isa = PBXBuildFile; fileRef = 66C292EA22D7E7280035F1DA /* UserStatusRealm.swift */; };
		66C292ED22D7FEFD0035F1DA /* LoginStatus.swift in Sources */ = {isa = PBXBuildFile; fileRef = 66C292EC22D7FEFD0035F1DA /* LoginStatus.swift */; };
		66C292F222D904AE0035F1DA /* UserStatusModel.swift in Sources */ = {isa = PBXBuildFile; fileRef = 66C292F122D904AE0035F1DA /* UserStatusModel.swift */; };
		66CC6B3722BDAC7A00F86D10 /* RegisterViewController.swift in Sources */ = {isa = PBXBuildFile; fileRef = 66CC6B3622BDAC7A00F86D10 /* RegisterViewController.swift */; };
		66CC6B3A22BDD01800F86D10 /* API.swift in Sources */ = {isa = PBXBuildFile; fileRef = 66CC6B3922BDD01800F86D10 /* API.swift */; };
		66CC6B3C22BDD0AE00F86D10 /* Login.swift in Sources */ = {isa = PBXBuildFile; fileRef = 66CC6B3B22BDD0AE00F86D10 /* Login.swift */; };
		66CC6B3E22BDDD4400F86D10 /* APIBase.swift in Sources */ = {isa = PBXBuildFile; fileRef = 66CC6B3D22BDDD4400F86D10 /* APIBase.swift */; };
		66CC6B4022BDE45B00F86D10 /* APIReturn.swift in Sources */ = {isa = PBXBuildFile; fileRef = 66CC6B3F22BDE45B00F86D10 /* APIReturn.swift */; };
		66D7B94522C316B200BCB005 /* MainViewController.swift in Sources */ = {isa = PBXBuildFile; fileRef = 66D7B94422C316B200BCB005 /* MainViewController.swift */; };
		66D7B94922C31B0A00BCB005 /* Main.storyboard in Resources */ = {isa = PBXBuildFile; fileRef = 66D7B94822C31B0A00BCB005 /* Main.storyboard */; };
		66D7B94B22C31B7E00BCB005 /* Swapsy.storyboard in Resources */ = {isa = PBXBuildFile; fileRef = 66D7B94A22C31B7E00BCB005 /* Swapsy.storyboard */; };
		66D7B94E22C40C2C00BCB005 /* LeftViewController.swift in Sources */ = {isa = PBXBuildFile; fileRef = 66D7B94D22C40C2C00BCB005 /* LeftViewController.swift */; };
		66D7B95122C40CED00BCB005 /* RightViewController.swift in Sources */ = {isa = PBXBuildFile; fileRef = 66D7B95022C40CED00BCB005 /* RightViewController.swift */; };
		66D7B95322C4222300BCB005 /* RootViewController.swift in Sources */ = {isa = PBXBuildFile; fileRef = 66D7B95222C4222300BCB005 /* RootViewController.swift */; };
		66DA659C2311D4DD00F709E3 /* MainViewHandler.swift in Sources */ = {isa = PBXBuildFile; fileRef = 66DA659B2311D4DD00F709E3 /* MainViewHandler.swift */; };
		66DA659E2311D70900F709E3 /* ReceiveCurrencyCellBuilder.swift in Sources */ = {isa = PBXBuildFile; fileRef = 66DA659D2311D70900F709E3 /* ReceiveCurrencyCellBuilder.swift */; };
		66DA65A02311D7F400F709E3 /* MainImageViewBuilder.swift in Sources */ = {isa = PBXBuildFile; fileRef = 66DA659F2311D7F400F709E3 /* MainImageViewBuilder.swift */; };
		66DA65A22311E8BF00F709E3 /* CurrencyRateModel.swift in Sources */ = {isa = PBXBuildFile; fileRef = 66DA65A12311E8BF00F709E3 /* CurrencyRateModel.swift */; };
		7A5B1EA8003C169EDAAD944C /* Pods_Swapsy.framework in Frameworks */ = {isa = PBXBuildFile; fileRef = 89160C9F0B08DE278CC706D3 /* Pods_Swapsy.framework */; };
/* End PBXBuildFile section */

/* Begin PBXFileReference section */
		6640935622D7AD0500CAF20C /* MainLabelBuilder.swift */ = {isa = PBXFileReference; lastKnownFileType = sourcecode.swift; path = MainLabelBuilder.swift; sourceTree = "<group>"; };
		6649A41222BC6DF800A38624 /* Swapsy.app */ = {isa = PBXFileReference; explicitFileType = wrapper.application; includeInIndex = 0; path = Swapsy.app; sourceTree = BUILT_PRODUCTS_DIR; };
		6649A41522BC6DF800A38624 /* AppDelegate.swift */ = {isa = PBXFileReference; lastKnownFileType = sourcecode.swift; path = AppDelegate.swift; sourceTree = "<group>"; };
		6649A41722BC6DF800A38624 /* LoginViewController.swift */ = {isa = PBXFileReference; lastKnownFileType = sourcecode.swift; path = LoginViewController.swift; sourceTree = "<group>"; };
		6649A41C22BC6DFA00A38624 /* Assets.xcassets */ = {isa = PBXFileReference; lastKnownFileType = folder.assetcatalog; path = Assets.xcassets; sourceTree = "<group>"; };
		6649A41F22BC6DFA00A38624 /* Base */ = {isa = PBXFileReference; lastKnownFileType = file.storyboard; name = Base; path = Base.lproj/LaunchScreen.storyboard; sourceTree = "<group>"; };
		6649A42122BC6DFA00A38624 /* Info.plist */ = {isa = PBXFileReference; lastKnownFileType = text.plist.xml; path = Info.plist; sourceTree = "<group>"; };
		668025CF231326530023CD84 /* CurrencyRateRealm.swift */ = {isa = PBXFileReference; lastKnownFileType = sourcecode.swift; path = CurrencyRateRealm.swift; sourceTree = "<group>"; };
		668025D223145CE80023CD84 /* Storage.swift */ = {isa = PBXFileReference; lastKnownFileType = sourcecode.swift; path = Storage.swift; sourceTree = "<group>"; };
		668025D523145FE10023CD84 /* StorageProtocol.swift */ = {isa = PBXFileReference; lastKnownFileType = sourcecode.swift; path = StorageProtocol.swift; sourceTree = "<group>"; };
		668025D7231460330023CD84 /* StorageRealmBase.swift */ = {isa = PBXFileReference; lastKnownFileType = sourcecode.swift; path = StorageRealmBase.swift; sourceTree = "<group>"; };
		668025D9231460F20023CD84 /* ReadLoginStatus.swift */ = {isa = PBXFileReference; lastKnownFileType = sourcecode.swift; path = ReadLoginStatus.swift; sourceTree = "<group>"; };
		668025DB231467840023CD84 /* WriteLoginInfo.swift */ = {isa = PBXFileReference; lastKnownFileType = sourcecode.swift; path = WriteLoginInfo.swift; sourceTree = "<group>"; };
		668025DE23146CEC0023CD84 /* RunTimeError.swift */ = {isa = PBXFileReference; lastKnownFileType = sourcecode.swift; path = RunTimeError.swift; sourceTree = "<group>"; };
		668025E0231478430023CD84 /* WriteCurrencyRate.swift */ = {isa = PBXFileReference; lastKnownFileType = sourcecode.swift; path = WriteCurrencyRate.swift; sourceTree = "<group>"; };
		668025E3231482C50023CD84 /* CurrencyMap.swift */ = {isa = PBXFileReference; lastKnownFileType = sourcecode.swift; path = CurrencyMap.swift; sourceTree = "<group>"; };
		668099FE23185CD200980E76 /* ReadCurrencyRate.swift */ = {isa = PBXFileReference; lastKnownFileType = sourcecode.swift; path = ReadCurrencyRate.swift; sourceTree = "<group>"; };
		668650A122D513E200B60326 /* ReceiveCurrencyListBuilder.swift */ = {isa = PBXFileReference; lastKnownFileType = sourcecode.swift; path = ReceiveCurrencyListBuilder.swift; sourceTree = "<group>"; };
		668650A322D5147200B60326 /* SendAmountBoxBuilder.swift */ = {isa = PBXFileReference; lastKnownFileType = sourcecode.swift; path = SendAmountBoxBuilder.swift; sourceTree = "<group>"; };
		668650A522D53A4300B60326 /* SendCurrencyIconViewController.swift */ = {isa = PBXFileReference; lastKnownFileType = sourcecode.swift; path = SendCurrencyIconViewController.swift; sourceTree = "<group>"; };
		668F576E22D1571C00FF3486 /* SegmentioBuilder.swift */ = {isa = PBXFileReference; lastKnownFileType = sourcecode.swift; path = SegmentioBuilder.swift; sourceTree = "<group>"; };
		668F577122D15F5E00FF3486 /* SwapsyColor.swift */ = {isa = PBXFileReference; lastKnownFileType = sourcecode.swift; path = SwapsyColor.swift; sourceTree = "<group>"; };
		668F577422D181ED00FF3486 /* SwapsyFontExtension.swift */ = {isa = PBXFileReference; lastKnownFileType = sourcecode.swift; path = SwapsyFontExtension.swift; sourceTree = "<group>"; };
		668F577722D1875800FF3486 /* Init.swift */ = {isa = PBXFileReference; lastKnownFileType = sourcecode.swift; path = Init.swift; sourceTree = "<group>"; };
		668F577922D1897700FF3486 /* InitModel.swift */ = {isa = PBXFileReference; lastKnownFileType = sourcecode.swift; path = InitModel.swift; sourceTree = "<group>"; };
		668F577B22D189A200FF3486 /* ModelBase.swift */ = {isa = PBXFileReference; lastKnownFileType = sourcecode.swift; path = ModelBase.swift; sourceTree = "<group>"; };
		668F578022D1930E00FF3486 /* PlistModel.swift */ = {isa = PBXFileReference; lastKnownFileType = sourcecode.swift; path = PlistModel.swift; sourceTree = "<group>"; };
		668F578322D29FC900FF3486 /* InitComponent.swift */ = {isa = PBXFileReference; lastKnownFileType = sourcecode.swift; path = InitComponent.swift; sourceTree = "<group>"; };
		668F578522D2EA0800FF3486 /* SwapsyInit.plist */ = {isa = PBXFileReference; fileEncoding = 4; lastKnownFileType = text.plist.xml; path = SwapsyInit.plist; sourceTree = "<group>"; };
		668F578722D3EE3E00FF3486 /* SendCurrencyIconBuilder.swift */ = {isa = PBXFileReference; lastKnownFileType = sourcecode.swift; path = SendCurrencyIconBuilder.swift; sourceTree = "<group>"; };
		668F578922D3F55500FF3486 /* SystemExtension.swift */ = {isa = PBXFileReference; lastKnownFileType = sourcecode.swift; path = SystemExtension.swift; sourceTree = "<group>"; };
		66C292E522D7DE340035F1DA /* BlockModel.swift */ = {isa = PBXFileReference; lastKnownFileType = sourcecode.swift; path = BlockModel.swift; sourceTree = "<group>"; };
		66C292E822D7E05F0035F1DA /* TradeStatus.swift */ = {isa = PBXFileReference; lastKnownFileType = sourcecode.swift; path = TradeStatus.swift; sourceTree = "<group>"; };
		66C292EA22D7E7280035F1DA /* UserStatusRealm.swift */ = {isa = PBXFileReference; lastKnownFileType = sourcecode.swift; path = UserStatusRealm.swift; sourceTree = "<group>"; };
		66C292EC22D7FEFD0035F1DA /* LoginStatus.swift */ = {isa = PBXFileReference; lastKnownFileType = sourcecode.swift; path = LoginStatus.swift; sourceTree = "<group>"; };
		66C292F122D904AE0035F1DA /* UserStatusModel.swift */ = {isa = PBXFileReference; lastKnownFileType = sourcecode.swift; path = UserStatusModel.swift; sourceTree = "<group>"; };
		66CC6B3622BDAC7A00F86D10 /* RegisterViewController.swift */ = {isa = PBXFileReference; lastKnownFileType = sourcecode.swift; path = RegisterViewController.swift; sourceTree = "<group>"; };
		66CC6B3922BDD01800F86D10 /* API.swift */ = {isa = PBXFileReference; lastKnownFileType = sourcecode.swift; path = API.swift; sourceTree = "<group>"; };
		66CC6B3B22BDD0AE00F86D10 /* Login.swift */ = {isa = PBXFileReference; lastKnownFileType = sourcecode.swift; path = Login.swift; sourceTree = "<group>"; };
		66CC6B3D22BDDD4400F86D10 /* APIBase.swift */ = {isa = PBXFileReference; lastKnownFileType = sourcecode.swift; path = APIBase.swift; sourceTree = "<group>"; };
		66CC6B3F22BDE45B00F86D10 /* APIReturn.swift */ = {isa = PBXFileReference; lastKnownFileType = sourcecode.swift; path = APIReturn.swift; sourceTree = "<group>"; };
		66D7B94422C316B200BCB005 /* MainViewController.swift */ = {isa = PBXFileReference; lastKnownFileType = sourcecode.swift; path = MainViewController.swift; sourceTree = "<group>"; };
		66D7B94822C31B0A00BCB005 /* Main.storyboard */ = {isa = PBXFileReference; fileEncoding = 4; lastKnownFileType = file.storyboard; path = Main.storyboard; sourceTree = "<group>"; };
		66D7B94A22C31B7E00BCB005 /* Swapsy.storyboard */ = {isa = PBXFileReference; lastKnownFileType = file.storyboard; path = Swapsy.storyboard; sourceTree = "<group>"; };
		66D7B94D22C40C2C00BCB005 /* LeftViewController.swift */ = {isa = PBXFileReference; lastKnownFileType = sourcecode.swift; path = LeftViewController.swift; sourceTree = "<group>"; };
		66D7B95022C40CED00BCB005 /* RightViewController.swift */ = {isa = PBXFileReference; lastKnownFileType = sourcecode.swift; path = RightViewController.swift; sourceTree = "<group>"; };
		66D7B95222C4222300BCB005 /* RootViewController.swift */ = {isa = PBXFileReference; lastKnownFileType = sourcecode.swift; path = RootViewController.swift; sourceTree = "<group>"; };
		66DA659B2311D4DD00F709E3 /* MainViewHandler.swift */ = {isa = PBXFileReference; lastKnownFileType = sourcecode.swift; path = MainViewHandler.swift; sourceTree = "<group>"; };
		66DA659D2311D70900F709E3 /* ReceiveCurrencyCellBuilder.swift */ = {isa = PBXFileReference; lastKnownFileType = sourcecode.swift; path = ReceiveCurrencyCellBuilder.swift; sourceTree = "<group>"; };
		66DA659F2311D7F400F709E3 /* MainImageViewBuilder.swift */ = {isa = PBXFileReference; lastKnownFileType = sourcecode.swift; path = MainImageViewBuilder.swift; sourceTree = "<group>"; };
		66DA65A12311E8BF00F709E3 /* CurrencyRateModel.swift */ = {isa = PBXFileReference; lastKnownFileType = sourcecode.swift; path = CurrencyRateModel.swift; sourceTree = "<group>"; };
		89160C9F0B08DE278CC706D3 /* Pods_Swapsy.framework */ = {isa = PBXFileReference; explicitFileType = wrapper.framework; includeInIndex = 0; path = Pods_Swapsy.framework; sourceTree = BUILT_PRODUCTS_DIR; };
		D1AF6AE568599FDE194B285F /* Pods-Swapsy.release.xcconfig */ = {isa = PBXFileReference; includeInIndex = 1; lastKnownFileType = text.xcconfig; name = "Pods-Swapsy.release.xcconfig"; path = "Target Support Files/Pods-Swapsy/Pods-Swapsy.release.xcconfig"; sourceTree = "<group>"; };
		E99BA5FDCD7456DCEAA9C413 /* Pods-Swapsy.debug.xcconfig */ = {isa = PBXFileReference; includeInIndex = 1; lastKnownFileType = text.xcconfig; name = "Pods-Swapsy.debug.xcconfig"; path = "Target Support Files/Pods-Swapsy/Pods-Swapsy.debug.xcconfig"; sourceTree = "<group>"; };
/* End PBXFileReference section */

/* Begin PBXFrameworksBuildPhase section */
		6649A40F22BC6DF800A38624 /* Frameworks */ = {
			isa = PBXFrameworksBuildPhase;
			buildActionMask = 2147483647;
			files = (
				7A5B1EA8003C169EDAAD944C /* Pods_Swapsy.framework in Frameworks */,
			);
			runOnlyForDeploymentPostprocessing = 0;
		};
/* End PBXFrameworksBuildPhase section */

/* Begin PBXGroup section */
		26191D1C9225ED2D4375D3EF /* Frameworks */ = {
			isa = PBXGroup;
			children = (
				89160C9F0B08DE278CC706D3 /* Pods_Swapsy.framework */,
			);
			name = Frameworks;
			sourceTree = "<group>";
		};
		6649A40922BC6DF800A38624 = {
			isa = PBXGroup;
			children = (
				6649A41422BC6DF800A38624 /* Swapsy */,
				6649A41322BC6DF800A38624 /* Products */,
				B2740CD4610D3A1B976235B0 /* Pods */,
				26191D1C9225ED2D4375D3EF /* Frameworks */,
			);
			sourceTree = "<group>";
		};
		6649A41322BC6DF800A38624 /* Products */ = {
			isa = PBXGroup;
			children = (
				6649A41222BC6DF800A38624 /* Swapsy.app */,
			);
			name = Products;
			sourceTree = "<group>";
		};
		6649A41422BC6DF800A38624 /* Swapsy */ = {
			isa = PBXGroup;
			children = (
				668025DD23146CD80023CD84 /* Exception */,
				668F578222D29FA000FF3486 /* Component */,
				668F577D22D191B100FF3486 /* Supporting Files */,
				668F577322D181B200FF3486 /* extensions */,
				668F577022D15F3600FF3486 /* resources */,
				668F576D22D156F200FF3486 /* builder */,
				668025D123132DD10023CD84 /* Storage */,
				66CC6B3422BDA70400F86D10 /* Model */,
				66CC6B3322BDA6FB00F86D10 /* Api */,
				66CC6B3522BDA71200F86D10 /* View */,
				66CC6B3122BDA6E500F86D10 /* Controller */,
				6649A41522BC6DF800A38624 /* AppDelegate.swift */,
				6649A41E22BC6DFA00A38624 /* LaunchScreen.storyboard */,
			);
			path = Swapsy;
			sourceTree = "<group>";
		};
		668025D123132DD10023CD84 /* Storage */ = {
			isa = PBXGroup;
			children = (
				668025D423145D8B0023CD84 /* StorageRealm */,
				668025D223145CE80023CD84 /* Storage.swift */,
				668025D523145FE10023CD84 /* StorageProtocol.swift */,
			);
			path = Storage;
			sourceTree = "<group>";
		};
		668025D423145D8B0023CD84 /* StorageRealm */ = {
			isa = PBXGroup;
			children = (
				668025D7231460330023CD84 /* StorageRealmBase.swift */,
				668099FE23185CD200980E76 /* ReadCurrencyRate.swift */,
				668025D9231460F20023CD84 /* ReadLoginStatus.swift */,
				668025DB231467840023CD84 /* WriteLoginInfo.swift */,
				668025E0231478430023CD84 /* WriteCurrencyRate.swift */,
			);
			path = StorageRealm;
			sourceTree = "<group>";
		};
		668025DD23146CD80023CD84 /* Exception */ = {
			isa = PBXGroup;
			children = (
				668025DE23146CEC0023CD84 /* RunTimeError.swift */,
			);
			path = Exception;
			sourceTree = "<group>";
		};
		668025E2231482940023CD84 /* Settings */ = {
			isa = PBXGroup;
			children = (
				668025E3231482C50023CD84 /* CurrencyMap.swift */,
			);
			path = Settings;
			sourceTree = "<group>";
		};
		668F576D22D156F200FF3486 /* builder */ = {
			isa = PBXGroup;
			children = (
				668F576E22D1571C00FF3486 /* SegmentioBuilder.swift */,
				668F578722D3EE3E00FF3486 /* SendCurrencyIconBuilder.swift */,
				668650A322D5147200B60326 /* SendAmountBoxBuilder.swift */,
				6640935622D7AD0500CAF20C /* MainLabelBuilder.swift */,
				66DA659F2311D7F400F709E3 /* MainImageViewBuilder.swift */,
				668650A122D513E200B60326 /* ReceiveCurrencyListBuilder.swift */,
				66DA659D2311D70900F709E3 /* ReceiveCurrencyCellBuilder.swift */,
			);
			path = builder;
			sourceTree = "<group>";
		};
		668F577022D15F3600FF3486 /* resources */ = {
			isa = PBXGroup;
			children = (
				6649A41C22BC6DFA00A38624 /* Assets.xcassets */,
				668F577122D15F5E00FF3486 /* SwapsyColor.swift */,
			);
			path = resources;
			sourceTree = "<group>";
		};
		668F577322D181B200FF3486 /* extensions */ = {
			isa = PBXGroup;
			children = (
				668F577422D181ED00FF3486 /* SwapsyFontExtension.swift */,
				668F578922D3F55500FF3486 /* SystemExtension.swift */,
			);
			path = extensions;
			sourceTree = "<group>";
		};
		668F577622D1873600FF3486 /* Init */ = {
			isa = PBXGroup;
			children = (
				668F577722D1875800FF3486 /* Init.swift */,
			);
			path = Init;
			sourceTree = "<group>";
		};
		668F577D22D191B100FF3486 /* Supporting Files */ = {
			isa = PBXGroup;
			children = (
				6649A42122BC6DFA00A38624 /* Info.plist */,
				668F578522D2EA0800FF3486 /* SwapsyInit.plist */,
			);
			path = "Supporting Files";
			sourceTree = "<group>";
		};
		668F578222D29FA000FF3486 /* Component */ = {
			isa = PBXGroup;
			children = (
				668F578322D29FC900FF3486 /* InitComponent.swift */,
			);
			path = Component;
			sourceTree = "<group>";
		};
		66C292E722D7E0440035F1DA /* Enum */ = {
			isa = PBXGroup;
			children = (
				66C292E822D7E05F0035F1DA /* TradeStatus.swift */,
				66C292EC22D7FEFD0035F1DA /* LoginStatus.swift */,
			);
			path = Enum;
			sourceTree = "<group>";
		};
		66C292F022D904490035F1DA /* Realm */ = {
			isa = PBXGroup;
			children = (
				66C292EA22D7E7280035F1DA /* UserStatusRealm.swift */,
				668025CF231326530023CD84 /* CurrencyRateRealm.swift */,
			);
			path = Realm;
			sourceTree = "<group>";
		};
		66CC6B3122BDA6E500F86D10 /* Controller */ = {
			isa = PBXGroup;
			children = (
				66DA659A2311D4B800F709E3 /* Handlers */,
				66D7B94C22C40BF800BCB005 /* Swapsy */,
				6649A41722BC6DF800A38624 /* LoginViewController.swift */,
				66CC6B3622BDAC7A00F86D10 /* RegisterViewController.swift */,
				66D7B94422C316B200BCB005 /* MainViewController.swift */,
				668650A522D53A4300B60326 /* SendCurrencyIconViewController.swift */,
			);
			path = Controller;
			sourceTree = "<group>";
		};
		66CC6B3322BDA6FB00F86D10 /* Api */ = {
			isa = PBXGroup;
			children = (
				668025E2231482940023CD84 /* Settings */,
				668F577622D1873600FF3486 /* Init */,
				66CC6B3822BDCFE900F86D10 /* Account */,
				66CC6B3922BDD01800F86D10 /* API.swift */,
				66CC6B3D22BDDD4400F86D10 /* APIBase.swift */,
				66CC6B3F22BDE45B00F86D10 /* APIReturn.swift */,
			);
			path = Api;
			sourceTree = "<group>";
		};
		66CC6B3422BDA70400F86D10 /* Model */ = {
			isa = PBXGroup;
			children = (
				66C292F022D904490035F1DA /* Realm */,
				66C292E722D7E0440035F1DA /* Enum */,
				668F577922D1897700FF3486 /* InitModel.swift */,
				668F577B22D189A200FF3486 /* ModelBase.swift */,
				668F578022D1930E00FF3486 /* PlistModel.swift */,
				66C292E522D7DE340035F1DA /* BlockModel.swift */,
				66C292F122D904AE0035F1DA /* UserStatusModel.swift */,
				66DA65A12311E8BF00F709E3 /* CurrencyRateModel.swift */,
			);
			path = Model;
			sourceTree = "<group>";
		};
		66CC6B3522BDA71200F86D10 /* View */ = {
			isa = PBXGroup;
			children = (
				66D7B94822C31B0A00BCB005 /* Main.storyboard */,
				66D7B94A22C31B7E00BCB005 /* Swapsy.storyboard */,
			);
			path = View;
			sourceTree = "<group>";
		};
		66CC6B3822BDCFE900F86D10 /* Account */ = {
			isa = PBXGroup;
			children = (
				66CC6B3B22BDD0AE00F86D10 /* Login.swift */,
			);
			path = Account;
			sourceTree = "<group>";
		};
		66D7B94C22C40BF800BCB005 /* Swapsy */ = {
			isa = PBXGroup;
			children = (
				66D7B94F22C40C3300BCB005 /* Menu */,
			);
			path = Swapsy;
			sourceTree = "<group>";
		};
		66D7B94F22C40C3300BCB005 /* Menu */ = {
			isa = PBXGroup;
			children = (
				66D7B94D22C40C2C00BCB005 /* LeftViewController.swift */,
				66D7B95022C40CED00BCB005 /* RightViewController.swift */,
				66D7B95222C4222300BCB005 /* RootViewController.swift */,
			);
			path = Menu;
			sourceTree = "<group>";
		};
		66DA659A2311D4B800F709E3 /* Handlers */ = {
			isa = PBXGroup;
			children = (
				66DA659B2311D4DD00F709E3 /* MainViewHandler.swift */,
			);
			path = Handlers;
			sourceTree = "<group>";
		};
		B2740CD4610D3A1B976235B0 /* Pods */ = {
			isa = PBXGroup;
			children = (
				E99BA5FDCD7456DCEAA9C413 /* Pods-Swapsy.debug.xcconfig */,
				D1AF6AE568599FDE194B285F /* Pods-Swapsy.release.xcconfig */,
			);
			path = Pods;
			sourceTree = "<group>";
		};
/* End PBXGroup section */

/* Begin PBXNativeTarget section */
		6649A41122BC6DF800A38624 /* Swapsy */ = {
			isa = PBXNativeTarget;
			buildConfigurationList = 6649A42422BC6DFA00A38624 /* Build configuration list for PBXNativeTarget "Swapsy" */;
			buildPhases = (
				209E6621630C56FE91C9FE97 /* [CP] Check Pods Manifest.lock */,
				6649A40E22BC6DF800A38624 /* Sources */,
				6649A40F22BC6DF800A38624 /* Frameworks */,
				6649A41022BC6DF800A38624 /* Resources */,
				FFC058AA4DEEC2C070E9CF4D /* [CP] Embed Pods Frameworks */,
				66D7B94322C2E0C300BCB005 /* ShellScript */,
			);
			buildRules = (
			);
			dependencies = (
			);
			name = Swapsy;
			productName = Swapsy;
			productReference = 6649A41222BC6DF800A38624 /* Swapsy.app */;
			productType = "com.apple.product-type.application";
		};
/* End PBXNativeTarget section */

/* Begin PBXProject section */
		6649A40A22BC6DF800A38624 /* Project object */ = {
			isa = PBXProject;
			attributes = {
				LastSwiftUpdateCheck = 1020;
				LastUpgradeCheck = 1020;
				ORGANIZATIONNAME = "Tao Yu";
				TargetAttributes = {
					6649A41122BC6DF800A38624 = {
						CreatedOnToolsVersion = 10.2.1;
					};
				};
			};
			buildConfigurationList = 6649A40D22BC6DF800A38624 /* Build configuration list for PBXProject "Swapsy" */;
			compatibilityVersion = "Xcode 9.3";
			developmentRegion = en;
			hasScannedForEncodings = 0;
			knownRegions = (
				en,
				Base,
			);
			mainGroup = 6649A40922BC6DF800A38624;
			productRefGroup = 6649A41322BC6DF800A38624 /* Products */;
			projectDirPath = "";
			projectRoot = "";
			targets = (
				6649A41122BC6DF800A38624 /* Swapsy */,
			);
		};
/* End PBXProject section */

/* Begin PBXResourcesBuildPhase section */
		6649A41022BC6DF800A38624 /* Resources */ = {
			isa = PBXResourcesBuildPhase;
			buildActionMask = 2147483647;
			files = (
				66D7B94922C31B0A00BCB005 /* Main.storyboard in Resources */,
				6649A42022BC6DFA00A38624 /* LaunchScreen.storyboard in Resources */,
				6649A41D22BC6DFA00A38624 /* Assets.xcassets in Resources */,
				668F578622D2EA0800FF3486 /* SwapsyInit.plist in Resources */,
				66D7B94B22C31B7E00BCB005 /* Swapsy.storyboard in Resources */,
			);
			runOnlyForDeploymentPostprocessing = 0;
		};
/* End PBXResourcesBuildPhase section */

/* Begin PBXShellScriptBuildPhase section */
		209E6621630C56FE91C9FE97 /* [CP] Check Pods Manifest.lock */ = {
			isa = PBXShellScriptBuildPhase;
			buildActionMask = 2147483647;
			files = (
			);
			inputFileListPaths = (
			);
			inputPaths = (
				"${PODS_PODFILE_DIR_PATH}/Podfile.lock",
				"${PODS_ROOT}/Manifest.lock",
			);
			name = "[CP] Check Pods Manifest.lock";
			outputFileListPaths = (
			);
			outputPaths = (
				"$(DERIVED_FILE_DIR)/Pods-Swapsy-checkManifestLockResult.txt",
			);
			runOnlyForDeploymentPostprocessing = 0;
			shellPath = /bin/sh;
			shellScript = "diff \"${PODS_PODFILE_DIR_PATH}/Podfile.lock\" \"${PODS_ROOT}/Manifest.lock\" > /dev/null\nif [ $? != 0 ] ; then\n    # print error to STDERR\n    echo \"error: The sandbox is not in sync with the Podfile.lock. Run 'pod install' or update your CocoaPods installation.\" >&2\n    exit 1\nfi\n# This output is used by Xcode 'outputs' to avoid re-running this script phase.\necho \"SUCCESS\" > \"${SCRIPT_OUTPUT_FILE_0}\"\n";
			showEnvVarsInLog = 0;
		};
		66D7B94322C2E0C300BCB005 /* ShellScript */ = {
			isa = PBXShellScriptBuildPhase;
			buildActionMask = 12;
			files = (
			);
			inputFileListPaths = (
			);
			inputPaths = (
			);
			outputFileListPaths = (
			);
			outputPaths = (
			);
			runOnlyForDeploymentPostprocessing = 0;
			shellPath = /bin/sh;
			shellScript = "TAGS=\"TAOYU:\"\nERRORTAG=\"ERROR:\"\nfind \"${SRCROOT}\" \\( -name \"*.h\" -or -name \"*.m\" -or -name \"*.swift\" \\) -print0 | xargs -0 egrep --with-filename --line-number --only-matching \"($TAGS).*\\$|($ERRORTAG).*\\$\" | perl -p -e \"s/($TAGS)/ warning: \\$1/\" | perl -p -e \"s/($ERRORTAG)/ error: \\$1/\"\n";
		};
		FFC058AA4DEEC2C070E9CF4D /* [CP] Embed Pods Frameworks */ = {
			isa = PBXShellScriptBuildPhase;
			buildActionMask = 2147483647;
			files = (
			);
			inputFileListPaths = (
				"${PODS_ROOT}/Target Support Files/Pods-Swapsy/Pods-Swapsy-frameworks-${CONFIGURATION}-input-files.xcfilelist",
			);
			name = "[CP] Embed Pods Frameworks";
			outputFileListPaths = (
				"${PODS_ROOT}/Target Support Files/Pods-Swapsy/Pods-Swapsy-frameworks-${CONFIGURATION}-output-files.xcfilelist",
			);
			runOnlyForDeploymentPostprocessing = 0;
			shellPath = /bin/sh;
			shellScript = "\"${PODS_ROOT}/Target Support Files/Pods-Swapsy/Pods-Swapsy-frameworks.sh\"\n";
			showEnvVarsInLog = 0;
		};
/* End PBXShellScriptBuildPhase section */

/* Begin PBXSourcesBuildPhase section */
		6649A40E22BC6DF800A38624 /* Sources */ = {
			isa = PBXSourcesBuildPhase;
			buildActionMask = 2147483647;
			files = (
				66DA659C2311D4DD00F709E3 /* MainViewHandler.swift in Sources */,
				66CC6B3E22BDDD4400F86D10 /* APIBase.swift in Sources */,
				66DA659E2311D70900F709E3 /* ReceiveCurrencyCellBuilder.swift in Sources */,
				66C292EB22D7E7280035F1DA /* UserStatusRealm.swift in Sources */,
				6649A41822BC6DF800A38624 /* LoginViewController.swift in Sources */,
				668025E4231482C50023CD84 /* CurrencyMap.swift in Sources */,
				668025D323145CE80023CD84 /* Storage.swift in Sources */,
				668F578122D1930E00FF3486 /* PlistModel.swift in Sources */,
				66C292F222D904AE0035F1DA /* UserStatusModel.swift in Sources */,
				66DA65A02311D7F400F709E3 /* MainImageViewBuilder.swift in Sources */,
				668F578422D29FC900FF3486 /* InitComponent.swift in Sources */,
				668650A622D53A4300B60326 /* SendCurrencyIconViewController.swift in Sources */,
				66DA65A22311E8BF00F709E3 /* CurrencyRateModel.swift in Sources */,
				668025D8231460330023CD84 /* StorageRealmBase.swift in Sources */,
				668F577222D15F5E00FF3486 /* SwapsyColor.swift in Sources */,
				668F577822D1875800FF3486 /* Init.swift in Sources */,
				668F578822D3EE3E00FF3486 /* SendCurrencyIconBuilder.swift in Sources */,
				668025E1231478430023CD84 /* WriteCurrencyRate.swift in Sources */,
				66CC6B3C22BDD0AE00F86D10 /* Login.swift in Sources */,
				668650A222D513E200B60326 /* ReceiveCurrencyListBuilder.swift in Sources */,
				668099FF23185CD200980E76 /* ReadCurrencyRate.swift in Sources */,
				668F576F22D1571C00FF3486 /* SegmentioBuilder.swift in Sources */,
				66D7B95322C4222300BCB005 /* RootViewController.swift in Sources */,
				668025DA231460F20023CD84 /* ReadLoginStatus.swift in Sources */,
				668025D0231326530023CD84 /* CurrencyRateRealm.swift in Sources */,
				668F578A22D3F55500FF3486 /* SystemExtension.swift in Sources */,
				66CC6B4022BDE45B00F86D10 /* APIReturn.swift in Sources */,
				668025DF23146CEC0023CD84 /* RunTimeError.swift in Sources */,
				668F577C22D189A200FF3486 /* ModelBase.swift in Sources */,
				668F577522D181ED00FF3486 /* SwapsyFontExtension.swift in Sources */,
				668025D623145FE10023CD84 /* StorageProtocol.swift in Sources */,
				668650A422D5147200B60326 /* SendAmountBoxBuilder.swift in Sources */,
				668F577A22D1897700FF3486 /* InitModel.swift in Sources */,
				66C292ED22D7FEFD0035F1DA /* LoginStatus.swift in Sources */,
				6649A41622BC6DF800A38624 /* AppDelegate.swift in Sources */,
				668025DC231467840023CD84 /* WriteLoginInfo.swift in Sources */,
				66C292E922D7E05F0035F1DA /* TradeStatus.swift in Sources */,
				66CC6B3A22BDD01800F86D10 /* API.swift in Sources */,
				66D7B94E22C40C2C00BCB005 /* LeftViewController.swift in Sources */,
				66C292E622D7DE340035F1DA /* BlockModel.swift in Sources */,
				6640935722D7AD0500CAF20C /* MainLabelBuilder.swift in Sources */,
				66D7B95122C40CED00BCB005 /* RightViewController.swift in Sources */,
				66CC6B3722BDAC7A00F86D10 /* RegisterViewController.swift in Sources */,
				66D7B94522C316B200BCB005 /* MainViewController.swift in Sources */,
			);
			runOnlyForDeploymentPostprocessing = 0;
		};
/* End PBXSourcesBuildPhase section */

/* Begin PBXVariantGroup section */
		6649A41E22BC6DFA00A38624 /* LaunchScreen.storyboard */ = {
			isa = PBXVariantGroup;
			children = (
				6649A41F22BC6DFA00A38624 /* Base */,
			);
			name = LaunchScreen.storyboard;
			sourceTree = "<group>";
		};
/* End PBXVariantGroup section */

/* Begin XCBuildConfiguration section */
		6649A42222BC6DFA00A38624 /* Debug */ = {
			isa = XCBuildConfiguration;
			buildSettings = {
				ALWAYS_SEARCH_USER_PATHS = NO;
				CLANG_ANALYZER_NONNULL = YES;
				CLANG_ANALYZER_NUMBER_OBJECT_CONVERSION = YES_AGGRESSIVE;
				CLANG_CXX_LANGUAGE_STANDARD = "gnu++14";
				CLANG_CXX_LIBRARY = "libc++";
				CLANG_ENABLE_MODULES = YES;
				CLANG_ENABLE_OBJC_ARC = YES;
				CLANG_ENABLE_OBJC_WEAK = YES;
				CLANG_WARN_BLOCK_CAPTURE_AUTORELEASING = YES;
				CLANG_WARN_BOOL_CONVERSION = YES;
				CLANG_WARN_COMMA = YES;
				CLANG_WARN_CONSTANT_CONVERSION = YES;
				CLANG_WARN_DEPRECATED_OBJC_IMPLEMENTATIONS = YES;
				CLANG_WARN_DIRECT_OBJC_ISA_USAGE = YES_ERROR;
				CLANG_WARN_DOCUMENTATION_COMMENTS = YES;
				CLANG_WARN_EMPTY_BODY = YES;
				CLANG_WARN_ENUM_CONVERSION = YES;
				CLANG_WARN_INFINITE_RECURSION = YES;
				CLANG_WARN_INT_CONVERSION = YES;
				CLANG_WARN_NON_LITERAL_NULL_CONVERSION = YES;
				CLANG_WARN_OBJC_IMPLICIT_RETAIN_SELF = YES;
				CLANG_WARN_OBJC_LITERAL_CONVERSION = YES;
				CLANG_WARN_OBJC_ROOT_CLASS = YES_ERROR;
				CLANG_WARN_RANGE_LOOP_ANALYSIS = YES;
				CLANG_WARN_STRICT_PROTOTYPES = YES;
				CLANG_WARN_SUSPICIOUS_MOVE = YES;
				CLANG_WARN_UNGUARDED_AVAILABILITY = YES_AGGRESSIVE;
				CLANG_WARN_UNREACHABLE_CODE = YES;
				CLANG_WARN__DUPLICATE_METHOD_MATCH = YES;
				CODE_SIGN_IDENTITY = "iPhone Developer";
				COPY_PHASE_STRIP = NO;
				DEBUG_INFORMATION_FORMAT = dwarf;
				ENABLE_STRICT_OBJC_MSGSEND = YES;
				ENABLE_TESTABILITY = YES;
				GCC_C_LANGUAGE_STANDARD = gnu11;
				GCC_DYNAMIC_NO_PIC = NO;
				GCC_NO_COMMON_BLOCKS = YES;
				GCC_OPTIMIZATION_LEVEL = 0;
				GCC_PREPROCESSOR_DEFINITIONS = (
					"DEBUG=1",
					"$(inherited)",
				);
				GCC_WARN_64_TO_32_BIT_CONVERSION = YES;
				GCC_WARN_ABOUT_RETURN_TYPE = YES_ERROR;
				GCC_WARN_UNDECLARED_SELECTOR = YES;
				GCC_WARN_UNINITIALIZED_AUTOS = YES_AGGRESSIVE;
				GCC_WARN_UNUSED_FUNCTION = YES;
				GCC_WARN_UNUSED_VARIABLE = YES;
				IPHONEOS_DEPLOYMENT_TARGET = 12.2;
				MTL_ENABLE_DEBUG_INFO = INCLUDE_SOURCE;
				MTL_FAST_MATH = YES;
				ONLY_ACTIVE_ARCH = YES;
				SDKROOT = iphoneos;
				SWIFT_ACTIVE_COMPILATION_CONDITIONS = DEBUG;
				SWIFT_OPTIMIZATION_LEVEL = "-Onone";
			};
			name = Debug;
		};
		6649A42322BC6DFA00A38624 /* Release */ = {
			isa = XCBuildConfiguration;
			buildSettings = {
				ALWAYS_SEARCH_USER_PATHS = NO;
				CLANG_ANALYZER_NONNULL = YES;
				CLANG_ANALYZER_NUMBER_OBJECT_CONVERSION = YES_AGGRESSIVE;
				CLANG_CXX_LANGUAGE_STANDARD = "gnu++14";
				CLANG_CXX_LIBRARY = "libc++";
				CLANG_ENABLE_MODULES = YES;
				CLANG_ENABLE_OBJC_ARC = YES;
				CLANG_ENABLE_OBJC_WEAK = YES;
				CLANG_WARN_BLOCK_CAPTURE_AUTORELEASING = YES;
				CLANG_WARN_BOOL_CONVERSION = YES;
				CLANG_WARN_COMMA = YES;
				CLANG_WARN_CONSTANT_CONVERSION = YES;
				CLANG_WARN_DEPRECATED_OBJC_IMPLEMENTATIONS = YES;
				CLANG_WARN_DIRECT_OBJC_ISA_USAGE = YES_ERROR;
				CLANG_WARN_DOCUMENTATION_COMMENTS = YES;
				CLANG_WARN_EMPTY_BODY = YES;
				CLANG_WARN_ENUM_CONVERSION = YES;
				CLANG_WARN_INFINITE_RECURSION = YES;
				CLANG_WARN_INT_CONVERSION = YES;
				CLANG_WARN_NON_LITERAL_NULL_CONVERSION = YES;
				CLANG_WARN_OBJC_IMPLICIT_RETAIN_SELF = YES;
				CLANG_WARN_OBJC_LITERAL_CONVERSION = YES;
				CLANG_WARN_OBJC_ROOT_CLASS = YES_ERROR;
				CLANG_WARN_RANGE_LOOP_ANALYSIS = YES;
				CLANG_WARN_STRICT_PROTOTYPES = YES;
				CLANG_WARN_SUSPICIOUS_MOVE = YES;
				CLANG_WARN_UNGUARDED_AVAILABILITY = YES_AGGRESSIVE;
				CLANG_WARN_UNREACHABLE_CODE = YES;
				CLANG_WARN__DUPLICATE_METHOD_MATCH = YES;
				CODE_SIGN_IDENTITY = "iPhone Developer";
				COPY_PHASE_STRIP = NO;
				DEBUG_INFORMATION_FORMAT = "dwarf-with-dsym";
				ENABLE_NS_ASSERTIONS = NO;
				ENABLE_STRICT_OBJC_MSGSEND = YES;
				GCC_C_LANGUAGE_STANDARD = gnu11;
				GCC_NO_COMMON_BLOCKS = YES;
				GCC_WARN_64_TO_32_BIT_CONVERSION = YES;
				GCC_WARN_ABOUT_RETURN_TYPE = YES_ERROR;
				GCC_WARN_UNDECLARED_SELECTOR = YES;
				GCC_WARN_UNINITIALIZED_AUTOS = YES_AGGRESSIVE;
				GCC_WARN_UNUSED_FUNCTION = YES;
				GCC_WARN_UNUSED_VARIABLE = YES;
				IPHONEOS_DEPLOYMENT_TARGET = 12.2;
				MTL_ENABLE_DEBUG_INFO = NO;
				MTL_FAST_MATH = YES;
				SDKROOT = iphoneos;
				SWIFT_COMPILATION_MODE = wholemodule;
				SWIFT_OPTIMIZATION_LEVEL = "-O";
				VALIDATE_PRODUCT = YES;
			};
			name = Release;
		};
		6649A42522BC6DFA00A38624 /* Debug */ = {
			isa = XCBuildConfiguration;
			baseConfigurationReference = E99BA5FDCD7456DCEAA9C413 /* Pods-Swapsy.debug.xcconfig */;
			buildSettings = {
				ASSETCATALOG_COMPILER_APPICON_NAME = AppIcon;
				CODE_SIGN_STYLE = Automatic;
				DEVELOPMENT_TEAM = 9A9466SUCD;
				INFOPLIST_FILE = "$(SRCROOT)/Swapsy/Supporting Files/Info.plist";
				LD_RUNPATH_SEARCH_PATHS = (
					"$(inherited)",
					"@executable_path/Frameworks",
				);
				PRODUCT_BUNDLE_IDENTIFIER = test.Swapsy;
				PRODUCT_NAME = "$(TARGET_NAME)";
				SWIFT_VERSION = 5.0;
				TARGETED_DEVICE_FAMILY = 1;
			};
			name = Debug;
		};
		6649A42622BC6DFA00A38624 /* Release */ = {
			isa = XCBuildConfiguration;
			baseConfigurationReference = D1AF6AE568599FDE194B285F /* Pods-Swapsy.release.xcconfig */;
			buildSettings = {
				ASSETCATALOG_COMPILER_APPICON_NAME = AppIcon;
				CODE_SIGN_STYLE = Automatic;
				DEVELOPMENT_TEAM = 9A9466SUCD;
				INFOPLIST_FILE = "$(SRCROOT)/Swapsy/Supporting Files/Info.plist";
				LD_RUNPATH_SEARCH_PATHS = (
					"$(inherited)",
					"@executable_path/Frameworks",
				);
				PRODUCT_BUNDLE_IDENTIFIER = test.Swapsy;
				PRODUCT_NAME = "$(TARGET_NAME)";
				SWIFT_VERSION = 5.0;
				TARGETED_DEVICE_FAMILY = 1;
			};
			name = Release;
		};
/* End XCBuildConfiguration section */

/* Begin XCConfigurationList section */
		6649A40D22BC6DF800A38624 /* Build configuration list for PBXProject "Swapsy" */ = {
			isa = XCConfigurationList;
			buildConfigurations = (
				6649A42222BC6DFA00A38624 /* Debug */,
				6649A42322BC6DFA00A38624 /* Release */,
			);
			defaultConfigurationIsVisible = 0;
			defaultConfigurationName = Release;
		};
		6649A42422BC6DFA00A38624 /* Build configuration list for PBXNativeTarget "Swapsy" */ = {
			isa = XCConfigurationList;
			buildConfigurations = (
				6649A42522BC6DFA00A38624 /* Debug */,
				6649A42622BC6DFA00A38624 /* Release */,
			);
			defaultConfigurationIsVisible = 0;
			defaultConfigurationName = Release;
		};
/* End XCConfigurationList section */
	};
	rootObject = 6649A40A22BC6DF800A38624 /* Project object */;
}
