// !$*UTF8*$!
{
	archiveVersion = 1;
	classes = {
	};
	objectVersion = 51;
	objects = {

/* Begin PBXBuildFile section */
		6649A41622BC6DF800A38624 /* AppDelegate.swift in Sources */ = {isa = PBXBuildFile; fileRef = 6649A41522BC6DF800A38624 /* AppDelegate.swift */; };
		6649A41822BC6DF800A38624 /* ViewController.swift in Sources */ = {isa = PBXBuildFile; fileRef = 6649A41722BC6DF800A38624 /* ViewController.swift */; };
		6649A41B22BC6DF800A38624 /* Main.storyboard in Resources */ = {isa = PBXBuildFile; fileRef = 6649A41922BC6DF800A38624 /* Main.storyboard */; };
		6649A41D22BC6DFA00A38624 /* Assets.xcassets in Resources */ = {isa = PBXBuildFile; fileRef = 6649A41C22BC6DFA00A38624 /* Assets.xcassets */; };
		6649A42022BC6DFA00A38624 /* LaunchScreen.storyboard in Resources */ = {isa = PBXBuildFile; fileRef = 6649A41E22BC6DFA00A38624 /* LaunchScreen.storyboard */; };
		7A5B1EA8003C169EDAAD944C /* Pods_Swapsy.framework in Frameworks */ = {isa = PBXBuildFile; fileRef = 89160C9F0B08DE278CC706D3 /* Pods_Swapsy.framework */; };
/* End PBXBuildFile section */

/* Begin PBXFileReference section */
		6649A41222BC6DF800A38624 /* Swapsy.app */ = {isa = PBXFileReference; explicitFileType = wrapper.application; includeInIndex = 0; path = Swapsy.app; sourceTree = BUILT_PRODUCTS_DIR; };
		6649A41522BC6DF800A38624 /* AppDelegate.swift */ = {isa = PBXFileReference; lastKnownFileType = sourcecode.swift; path = AppDelegate.swift; sourceTree = "<group>"; };
		6649A41722BC6DF800A38624 /* ViewController.swift */ = {isa = PBXFileReference; lastKnownFileType = sourcecode.swift; path = ViewController.swift; sourceTree = "<group>"; };
		6649A41A22BC6DF800A38624 /* Base */ = {isa = PBXFileReference; lastKnownFileType = file.storyboard; name = Base; path = Base.lproj/Main.storyboard; sourceTree = "<group>"; };
		6649A41C22BC6DFA00A38624 /* Assets.xcassets */ = {isa = PBXFileReference; lastKnownFileType = folder.assetcatalog; path = Assets.xcassets; sourceTree = "<group>"; };
		6649A41F22BC6DFA00A38624 /* Base */ = {isa = PBXFileReference; lastKnownFileType = file.storyboard; name = Base; path = Base.lproj/LaunchScreen.storyboard; sourceTree = "<group>"; };
		6649A42122BC6DFA00A38624 /* Info.plist */ = {isa = PBXFileReference; lastKnownFileType = text.plist.xml; path = Info.plist; sourceTree = "<group>"; };
		6649A42822BC804500A38624 /* en */ = {isa = PBXFileReference; lastKnownFileType = text.plist.strings; name = en; path = en.lproj/Main.strings; sourceTree = "<group>"; };
		89160C9F0B08DE278CC706D3 /* Pods_Swapsy.framework */ = {isa = PBXFileReference; explicitFileType = wrapper.framework; includeInIndex = 0; path = Pods_Swapsy.framework; sourceTree = BUILT_PRODUCTS_DIR; };
		D1AF6AE568599FDE194B285F /* Pods-Swapsy.release.xcconfig */ = {isa = PBXFileReference; includeInIndex = 1; lastKnownFileType = text.xcconfig; name = "Pods-Swapsy.release.xcconfig"; path = "Target Support Files/Pods-Swapsy/Pods-Swapsy.release.xcconfig"; sourceTree = "<group>"; };
		E99BA5FDCD7456DCEAA9C413 /* Pods-Swapsy.debug.xcconfig */ = {isa = PBXFileReference; includeInIndex = 1; lastKnownFileType = text.xcconfig; name = "Pods-Swapsy.debug.xcconfig"; path = "Target Support Files/Pods-Swapsy/Pods-Swapsy.debug.xcconfig"; sourceTree = "<group>"; };
/* End PBXFileReference section */

/* Begin PBXFrameworksBuildPhase section */
		6649A40F22BC6DF800A38624 /* Frameworks */ = {
			isa = PBXFrameworksBuildPhase;
			buildActionMask = 2147483647;
			files = (
				7A5B1EA8003C169EDAAD944C /* Pods_Swapsy.framework in Frameworks */,
			);
			runOnlyForDeploymentPostprocessing = 0;
		};
/* End PBXFrameworksBuildPhase section */

/* Begin PBXGroup section */
		26191D1C9225ED2D4375D3EF /* Frameworks */ = {
			isa = PBXGroup;
			children = (
				89160C9F0B08DE278CC706D3 /* Pods_Swapsy.framework */,
			);
			name = Frameworks;
			sourceTree = "<group>";
		};
		6649A40922BC6DF800A38624 = {
			isa = PBXGroup;
			children = (
				6649A41422BC6DF800A38624 /* Swapsy */,
				6649A41322BC6DF800A38624 /* Products */,
				B2740CD4610D3A1B976235B0 /* Pods */,
				26191D1C9225ED2D4375D3EF /* Frameworks */,
			);
			sourceTree = "<group>";
		};
		6649A41322BC6DF800A38624 /* Products */ = {
			isa = PBXGroup;
			children = (
				6649A41222BC6DF800A38624 /* Swapsy.app */,
			);
			name = Products;
			sourceTree = "<group>";
		};
		6649A41422BC6DF800A38624 /* Swapsy */ = {
			isa = PBXGroup;
			children = (
				6649A41522BC6DF800A38624 /* AppDelegate.swift */,
				6649A41722BC6DF800A38624 /* ViewController.swift */,
				6649A41922BC6DF800A38624 /* Main.storyboard */,
				6649A41C22BC6DFA00A38624 /* Assets.xcassets */,
				6649A41E22BC6DFA00A38624 /* LaunchScreen.storyboard */,
				6649A42122BC6DFA00A38624 /* Info.plist */,
			);
			path = Swapsy;
			sourceTree = "<group>";
		};
		B2740CD4610D3A1B976235B0 /* Pods */ = {
			isa = PBXGroup;
			children = (
				E99BA5FDCD7456DCEAA9C413 /* Pods-Swapsy.debug.xcconfig */,
				D1AF6AE568599FDE194B285F /* Pods-Swapsy.release.xcconfig */,
			);
			path = Pods;
			sourceTree = "<group>";
		};
/* End PBXGroup section */

/* Begin PBXNativeTarget section */
		6649A41122BC6DF800A38624 /* Swapsy */ = {
			isa = PBXNativeTarget;
			buildConfigurationList = 6649A42422BC6DFA00A38624 /* Build configuration list for PBXNativeTarget "Swapsy" */;
			buildPhases = (
				209E6621630C56FE91C9FE97 /* [CP] Check Pods Manifest.lock */,
				6649A40E22BC6DF800A38624 /* Sources */,
				6649A40F22BC6DF800A38624 /* Frameworks */,
				6649A41022BC6DF800A38624 /* Resources */,
				FFC058AA4DEEC2C070E9CF4D /* [CP] Embed Pods Frameworks */,
			);
			buildRules = (
			);
			dependencies = (
			);
			name = Swapsy;
			productName = Swapsy;
			productReference = 6649A41222BC6DF800A38624 /* Swapsy.app */;
			productType = "com.apple.product-type.application";
		};
/* End PBXNativeTarget section */

/* Begin PBXProject section */
		6649A40A22BC6DF800A38624 /* Project object */ = {
			isa = PBXProject;
			attributes = {
				LastSwiftUpdateCheck = 1020;
				LastUpgradeCheck = 1020;
				ORGANIZATIONNAME = "Tao Yu";
				TargetAttributes = {
					6649A41122BC6DF800A38624 = {
						CreatedOnToolsVersion = 10.2.1;
					};
				};
			};
			buildConfigurationList = 6649A40D22BC6DF800A38624 /* Build configuration list for PBXProject "Swapsy" */;
			compatibilityVersion = "Xcode 9.3";
			developmentRegion = en;
			hasScannedForEncodings = 0;
			knownRegions = (
				en,
				Base,
			);
			mainGroup = 6649A40922BC6DF800A38624;
			productRefGroup = 6649A41322BC6DF800A38624 /* Products */;
			projectDirPath = "";
			projectRoot = "";
			targets = (
				6649A41122BC6DF800A38624 /* Swapsy */,
			);
		};
/* End PBXProject section */

/* Begin PBXResourcesBuildPhase section */
		6649A41022BC6DF800A38624 /* Resources */ = {
			isa = PBXResourcesBuildPhase;
			buildActionMask = 2147483647;
			files = (
				6649A42022BC6DFA00A38624 /* LaunchScreen.storyboard in Resources */,
				6649A41D22BC6DFA00A38624 /* Assets.xcassets in Resources */,
				6649A41B22BC6DF800A38624 /* Main.storyboard in Resources */,
			);
			runOnlyForDeploymentPostprocessing = 0;
		};
/* End PBXResourcesBuildPhase section */

/* Begin PBXShellScriptBuildPhase section */
		209E6621630C56FE91C9FE97 /* [CP] Check Pods Manifest.lock */ = {
			isa = PBXShellScriptBuildPhase;
			buildActionMask = 2147483647;
			files = (
			);
			inputFileListPaths = (
			);
			inputPaths = (
				"${PODS_PODFILE_DIR_PATH}/Podfile.lock",
				"${PODS_ROOT}/Manifest.lock",
			);
			name = "[CP] Check Pods Manifest.lock";
			outputFileListPaths = (
			);
			outputPaths = (
				"$(DERIVED_FILE_DIR)/Pods-Swapsy-checkManifestLockResult.txt",
			);
			runOnlyForDeploymentPostprocessing = 0;
			shellPath = /bin/sh;
			shellScript = "diff \"${PODS_PODFILE_DIR_PATH}/Podfile.lock\" \"${PODS_ROOT}/Manifest.lock\" > /dev/null\nif [ $? != 0 ] ; then\n    # print error to STDERR\n    echo \"error: The sandbox is not in sync with the Podfile.lock. Run 'pod install' or update your CocoaPods installation.\" >&2\n    exit 1\nfi\n# This output is used by Xcode 'outputs' to avoid re-running this script phase.\necho \"SUCCESS\" > \"${SCRIPT_OUTPUT_FILE_0}\"\n";
			showEnvVarsInLog = 0;
		};
		FFC058AA4DEEC2C070E9CF4D /* [CP] Embed Pods Frameworks */ = {
			isa = PBXShellScriptBuildPhase;
			buildActionMask = 2147483647;
			files = (
			);
			inputFileListPaths = (
				"${PODS_ROOT}/Target Support Files/Pods-Swapsy/Pods-Swapsy-frameworks-${CONFIGURATION}-input-files.xcfilelist",
			);
			name = "[CP] Embed Pods Frameworks";
			outputFileListPaths = (
				"${PODS_ROOT}/Target Support Files/Pods-Swapsy/Pods-Swapsy-frameworks-${CONFIGURATION}-output-files.xcfilelist",
			);
			runOnlyForDeploymentPostprocessing = 0;
			shellPath = /bin/sh;
			shellScript = "\"${PODS_ROOT}/Target Support Files/Pods-Swapsy/Pods-Swapsy-frameworks.sh\"\n";
			showEnvVarsInLog = 0;
		};
/* End PBXShellScriptBuildPhase section */

/* Begin PBXSourcesBuildPhase section */
		6649A40E22BC6DF800A38624 /* Sources */ = {
			isa = PBXSourcesBuildPhase;
			buildActionMask = 2147483647;
			files = (
				6649A41822BC6DF800A38624 /* ViewController.swift in Sources */,
				6649A41622BC6DF800A38624 /* AppDelegate.swift in Sources */,
			);
			runOnlyForDeploymentPostprocessing = 0;
		};
/* End PBXSourcesBuildPhase section */

/* Begin PBXVariantGroup section */
		6649A41922BC6DF800A38624 /* Main.storyboard */ = {
			isa = PBXVariantGroup;
			children = (
				6649A41A22BC6DF800A38624 /* Base */,
				6649A42822BC804500A38624 /* en */,
			);
			name = Main.storyboard;
			sourceTree = "<group>";
		};
		6649A41E22BC6DFA00A38624 /* LaunchScreen.storyboard */ = {
			isa = PBXVariantGroup;
			children = (
				6649A41F22BC6DFA00A38624 /* Base */,
			);
			name = LaunchScreen.storyboard;
			sourceTree = "<group>";
		};
/* End PBXVariantGroup section */

/* Begin XCBuildConfiguration section */
		6649A42222BC6DFA00A38624 /* Debug */ = {
			isa = XCBuildConfiguration;
			buildSettings = {
				ALWAYS_SEARCH_USER_PATHS = NO;
				CLANG_ANALYZER_NONNULL = YES;
				CLANG_ANALYZER_NUMBER_OBJECT_CONVERSION = YES_AGGRESSIVE;
				CLANG_CXX_LANGUAGE_STANDARD = "gnu++14";
				CLANG_CXX_LIBRARY = "libc++";
				CLANG_ENABLE_MODULES = YES;
				CLANG_ENABLE_OBJC_ARC = YES;
				CLANG_ENABLE_OBJC_WEAK = YES;
				CLANG_WARN_BLOCK_CAPTURE_AUTORELEASING = YES;
				CLANG_WARN_BOOL_CONVERSION = YES;
				CLANG_WARN_COMMA = YES;
				CLANG_WARN_CONSTANT_CONVERSION = YES;
				CLANG_WARN_DEPRECATED_OBJC_IMPLEMENTATIONS = YES;
				CLANG_WARN_DIRECT_OBJC_ISA_USAGE = YES_ERROR;
				CLANG_WARN_DOCUMENTATION_COMMENTS = YES;
				CLANG_WARN_EMPTY_BODY = YES;
				CLANG_WARN_ENUM_CONVERSION = YES;
				CLANG_WARN_INFINITE_RECURSION = YES;
				CLANG_WARN_INT_CONVERSION = YES;
				CLANG_WARN_NON_LITERAL_NULL_CONVERSION = YES;
				CLANG_WARN_OBJC_IMPLICIT_RETAIN_SELF = YES;
				CLANG_WARN_OBJC_LITERAL_CONVERSION = YES;
				CLANG_WARN_OBJC_ROOT_CLASS = YES_ERROR;
				CLANG_WARN_RANGE_LOOP_ANALYSIS = YES;
				CLANG_WARN_STRICT_PROTOTYPES = YES;
				CLANG_WARN_SUSPICIOUS_MOVE = YES;
				CLANG_WARN_UNGUARDED_AVAILABILITY = YES_AGGRESSIVE;
				CLANG_WARN_UNREACHABLE_CODE = YES;
				CLANG_WARN__DUPLICATE_METHOD_MATCH = YES;
				CODE_SIGN_IDENTITY = "iPhone Developer";
				COPY_PHASE_STRIP = NO;
				DEBUG_INFORMATION_FORMAT = dwarf;
				ENABLE_STRICT_OBJC_MSGSEND = YES;
				ENABLE_TESTABILITY = YES;
				GCC_C_LANGUAGE_STANDARD = gnu11;
				GCC_DYNAMIC_NO_PIC = NO;
				GCC_NO_COMMON_BLOCKS = YES;
				GCC_OPTIMIZATION_LEVEL = 0;
				GCC_PREPROCESSOR_DEFINITIONS = (
					"DEBUG=1",
					"$(inherited)",
				);
				GCC_WARN_64_TO_32_BIT_CONVERSION = YES;
				GCC_WARN_ABOUT_RETURN_TYPE = YES_ERROR;
				GCC_WARN_UNDECLARED_SELECTOR = YES;
				GCC_WARN_UNINITIALIZED_AUTOS = YES_AGGRESSIVE;
				GCC_WARN_UNUSED_FUNCTION = YES;
				GCC_WARN_UNUSED_VARIABLE = YES;
				IPHONEOS_DEPLOYMENT_TARGET = 12.2;
				MTL_ENABLE_DEBUG_INFO = INCLUDE_SOURCE;
				MTL_FAST_MATH = YES;
				ONLY_ACTIVE_ARCH = YES;
				SDKROOT = iphoneos;
				SWIFT_ACTIVE_COMPILATION_CONDITIONS = DEBUG;
				SWIFT_OPTIMIZATION_LEVEL = "-Onone";
			};
			name = Debug;
		};
		6649A42322BC6DFA00A38624 /* Release */ = {
			isa = XCBuildConfiguration;
			buildSettings = {
				ALWAYS_SEARCH_USER_PATHS = NO;
				CLANG_ANALYZER_NONNULL = YES;
				CLANG_ANALYZER_NUMBER_OBJECT_CONVERSION = YES_AGGRESSIVE;
				CLANG_CXX_LANGUAGE_STANDARD = "gnu++14";
				CLANG_CXX_LIBRARY = "libc++";
				CLANG_ENABLE_MODULES = YES;
				CLANG_ENABLE_OBJC_ARC = YES;
				CLANG_ENABLE_OBJC_WEAK = YES;
				CLANG_WARN_BLOCK_CAPTURE_AUTORELEASING = YES;
				CLANG_WARN_BOOL_CONVERSION = YES;
				CLANG_WARN_COMMA = YES;
				CLANG_WARN_CONSTANT_CONVERSION = YES;
				CLANG_WARN_DEPRECATED_OBJC_IMPLEMENTATIONS = YES;
				CLANG_WARN_DIRECT_OBJC_ISA_USAGE = YES_ERROR;
				CLANG_WARN_DOCUMENTATION_COMMENTS = YES;
				CLANG_WARN_EMPTY_BODY = YES;
				CLANG_WARN_ENUM_CONVERSION = YES;
				CLANG_WARN_INFINITE_RECURSION = YES;
				CLANG_WARN_INT_CONVERSION = YES;
				CLANG_WARN_NON_LITERAL_NULL_CONVERSION = YES;
				CLANG_WARN_OBJC_IMPLICIT_RETAIN_SELF = YES;
				CLANG_WARN_OBJC_LITERAL_CONVERSION = YES;
				CLANG_WARN_OBJC_ROOT_CLASS = YES_ERROR;
				CLANG_WARN_RANGE_LOOP_ANALYSIS = YES;
				CLANG_WARN_STRICT_PROTOTYPES = YES;
				CLANG_WARN_SUSPICIOUS_MOVE = YES;
				CLANG_WARN_UNGUARDED_AVAILABILITY = YES_AGGRESSIVE;
				CLANG_WARN_UNREACHABLE_CODE = YES;
				CLANG_WARN__DUPLICATE_METHOD_MATCH = YES;
				CODE_SIGN_IDENTITY = "iPhone Developer";
				COPY_PHASE_STRIP = NO;
				DEBUG_INFORMATION_FORMAT = "dwarf-with-dsym";
				ENABLE_NS_ASSERTIONS = NO;
				ENABLE_STRICT_OBJC_MSGSEND = YES;
				GCC_C_LANGUAGE_STANDARD = gnu11;
				GCC_NO_COMMON_BLOCKS = YES;
				GCC_WARN_64_TO_32_BIT_CONVERSION = YES;
				GCC_WARN_ABOUT_RETURN_TYPE = YES_ERROR;
				GCC_WARN_UNDECLARED_SELECTOR = YES;
				GCC_WARN_UNINITIALIZED_AUTOS = YES_AGGRESSIVE;
				GCC_WARN_UNUSED_FUNCTION = YES;
				GCC_WARN_UNUSED_VARIABLE = YES;
				IPHONEOS_DEPLOYMENT_TARGET = 12.2;
				MTL_ENABLE_DEBUG_INFO = NO;
				MTL_FAST_MATH = YES;
				SDKROOT = iphoneos;
				SWIFT_COMPILATION_MODE = wholemodule;
				SWIFT_OPTIMIZATION_LEVEL = "-O";
				VALIDATE_PRODUCT = YES;
			};
			name = Release;
		};
		6649A42522BC6DFA00A38624 /* Debug */ = {
			isa = XCBuildConfiguration;
			baseConfigurationReference = E99BA5FDCD7456DCEAA9C413 /* Pods-Swapsy.debug.xcconfig */;
			buildSettings = {
				ASSETCATALOG_COMPILER_APPICON_NAME = AppIcon;
				CODE_SIGN_STYLE = Automatic;
				DEVELOPMENT_TEAM = 9A9466SUCD;
				INFOPLIST_FILE = Swapsy/Info.plist;
				LD_RUNPATH_SEARCH_PATHS = (
					"$(inherited)",
					"@executable_path/Frameworks",
				);
				PRODUCT_BUNDLE_IDENTIFIER = test.Swapsy;
				PRODUCT_NAME = "$(TARGET_NAME)";
				SWIFT_VERSION = 5.0;
				TARGETED_DEVICE_FAMILY = 1;
			};
			name = Debug;
		};
		6649A42622BC6DFA00A38624 /* Release */ = {
			isa = XCBuildConfiguration;
			baseConfigurationReference = D1AF6AE568599FDE194B285F /* Pods-Swapsy.release.xcconfig */;
			buildSettings = {
				ASSETCATALOG_COMPILER_APPICON_NAME = AppIcon;
				CODE_SIGN_STYLE = Automatic;
				DEVELOPMENT_TEAM = 9A9466SUCD;
				INFOPLIST_FILE = Swapsy/Info.plist;
				LD_RUNPATH_SEARCH_PATHS = (
					"$(inherited)",
					"@executable_path/Frameworks",
				);
				PRODUCT_BUNDLE_IDENTIFIER = test.Swapsy;
				PRODUCT_NAME = "$(TARGET_NAME)";
				SWIFT_VERSION = 5.0;
				TARGETED_DEVICE_FAMILY = 1;
			};
			name = Release;
		};
/* End XCBuildConfiguration section */

/* Begin XCConfigurationList section */
		6649A40D22BC6DF800A38624 /* Build configuration list for PBXProject "Swapsy" */ = {
			isa = XCConfigurationList;
			buildConfigurations = (
				6649A42222BC6DFA00A38624 /* Debug */,
				6649A42322BC6DFA00A38624 /* Release */,
			);
			defaultConfigurationIsVisible = 0;
			defaultConfigurationName = Release;
		};
		6649A42422BC6DFA00A38624 /* Build configuration list for PBXNativeTarget "Swapsy" */ = {
			isa = XCConfigurationList;
			buildConfigurations = (
				6649A42522BC6DFA00A38624 /* Debug */,
				6649A42622BC6DFA00A38624 /* Release */,
			);
			defaultConfigurationIsVisible = 0;
			defaultConfigurationName = Release;
		};
/* End XCConfigurationList section */
	};
	rootObject = 6649A40A22BC6DF800A38624 /* Project object */;
}
